
Microsoft Visual Studio Solution File, Format Version 12.00
# Visual Studio Version 16
VisualStudioVersion = 16.0.33529.622
MinimumVisualStudioVersion = 10.0.40219.1
Project("{D2ABAB84-BF74-430A-B69E-9DC6D40DDA17}") = "MultidimensionalProject1", "MultidimensionalProject1\MultidimensionalProject1.dwproj", "{2458E069-5D2B-4F5C-90A1-26A50614C51C}"
EndProject
Global
	GlobalSection(SolutionConfigurationPlatforms) = preSolution
		Development|Default = Development|Default
	EndGlobalSection
	GlobalSection(ProjectConfigurationPlatforms) = postSolution
		{2458E069-5D2B-4F5C-90A1-26A50614C51C}.Development|Default.ActiveCfg = Development
		{2458E069-5D2B-4F5C-90A1-26A50614C51C}.Development|Default.Build.0 = Development
		{2458E069-5D2B-4F5C-90A1-26A50614C51C}.Development|Default.Deploy.0 = Development
	EndGlobalSection
	GlobalSection(SolutionProperties) = preSolution
		HideSolutionNode = FALSE
	EndGlobalSection
	GlobalSection(ExtensibilityGlobals) = postSolution
		SolutionGuid = {CF30B5BA-EC6D-4752-BB39-0C08C4532AAF}
	EndGlobalSection
EndGlobal
